
Microsoft Visual Studio Solution File, Format Version 12.00
# Visual Studio 15
VisualStudioVersion = 15.0.27004.2006
MinimumVisualStudioVersion = 10.0.40219.1
Project("{FAE04EC0-301F-11D3-BF4B-00C04F79EFBC}") = "Vector3D", "Vector3D\Vector3D.csproj", "{BBC9EDEC-C17D-44C3-84BA-AD10D23490FB}"
EndProject
Global
	GlobalSection(SolutionConfigurationPlatforms) = preSolution
		Debug|Any CPU = Debug|Any CPU
		Release|Any CPU = Release|Any CPU
	EndGlobalSection
	GlobalSection(ProjectConfigurationPlatforms) = postSolution
		{BBC9EDEC-C17D-44C3-84BA-AD10D23490FB}.Debug|Any CPU.ActiveCfg = Debug|Any CPU
		{BBC9EDEC-C17D-44C3-84BA-AD10D23490FB}.Debug|Any CPU.Build.0 = Debug|Any CPU
		{BBC9EDEC-C17D-44C3-84BA-AD10D23490FB}.Release|Any CPU.ActiveCfg = Release|Any CPU
		{BBC9EDEC-C17D-44C3-84BA-AD10D23490FB}.Release|Any CPU.Build.0 = Release|Any CPU
	EndGlobalSection
	GlobalSection(SolutionProperties) = preSolution
		HideSolutionNode = FALSE
	EndGlobalSection
	GlobalSection(ExtensibilityGlobals) = postSolution
		SolutionGuid = {E7F780B8-3F85-49C4-9F51-E488040E9A28}
	EndGlobalSection
EndGlobal
